
Microsoft Visual Studio Solution File, Format Version 12.00
# Visual Studio Version 16
VisualStudioVersion = 16.0.29613.14
MinimumVisualStudioVersion = 10.0.40219.1
Project("{FAE04EC0-301F-11D3-BF4B-00C04F79EFBC}") = "QLNhaSachFahasa", "QLNhaSachFahasa\QLNhaSachFahasa.csproj", "{45148A7F-21BF-4DAA-A8C1-9CBAF32F942D}"
EndProject
Global
	GlobalSection(SolutionConfigurationPlatforms) = preSolution
		Debug|Any CPU = Debug|Any CPU
		Release|Any CPU = Release|Any CPU
	EndGlobalSection
	GlobalSection(ProjectConfigurationPlatforms) = postSolution
		{45148A7F-21BF-4DAA-A8C1-9CBAF32F942D}.Debug|Any CPU.ActiveCfg = Debug|Any CPU
		{45148A7F-21BF-4DAA-A8C1-9CBAF32F942D}.Debug|Any CPU.Build.0 = Debug|Any CPU
		{45148A7F-21BF-4DAA-A8C1-9CBAF32F942D}.Release|Any CPU.ActiveCfg = Release|Any CPU
		{45148A7F-21BF-4DAA-A8C1-9CBAF32F942D}.Release|Any CPU.Build.0 = Release|Any CPU
	EndGlobalSection
	GlobalSection(SolutionProperties) = preSolution
		HideSolutionNode = FALSE
	EndGlobalSection
	GlobalSection(ExtensibilityGlobals) = postSolution
		SolutionGuid = {957CC2C4-803B-4927-AB52-E46F1CF77989}
	EndGlobalSection
EndGlobal
